{
  "name": "insa-personality-test-pro",
  "version": "1.1.5",
  "lockfileVersion": 3,
  "requires": true,
  "packages": {
    "": {
      "name": "insa-personality-test-pro",
      "version": "1.1.4",
      "hasInstallScript": true,
      "dependencies": {
        "electron-react-boilerplate": "file:",
        "insa-personality-test-pro": "file:"
      }
    },
    "node_modules/electron-react-boilerplate": {
      "resolved": "",
      "link": true
    },
    "node_modules/insa-personality-test-pro": {
      "resolved": "",
      "link": true
    }
  }
}
