{
  "name": "insa-personality-test-pro",
  "version": "1.0.0",
  "lockfileVersion": 3,
  "requires": true,
  "packages": {
    "": {
      "name": "insa-personality-test-pro",
      "version": "1.0.0",
      "hasInstallScript": true,
      "dependencies": {
        "electron-react-boilerplate": "file:"
      }
    },
    "node_modules/electron-react-boilerplate": {
      "resolved": "",
      "link": true
    }
  }
}
